// !$*UTF8*$!
{
	archiveVersion = 1;
	classes = {
	};
	objectVersion = 77;
	objects = {

/* Begin PBXBuildFile section */
		04DF0A9A2FEFBDEA005104BD /* PolarBleSdk in Frameworks */ = {isa = PBXBuildFile; productRef = 04DF0A992FEFBDEA005104BD /* PolarBleSdk */; };
		04DF0A9D2FEFC051005104BD /* RxSwift in Frameworks */ = {isa = PBXBuildFile; productRef = 04DF0A9C2FEFC051005104BD /* RxSwift */; };
		18038BC8267862AD6B897483 /* EcgActivityAttributes.swift in Sources */ = {isa = PBXBuildFile; fileRef = 4E08388E406AA9F1E14C4D40 /* EcgActivityAttributes.swift */; };
		41BB5AA8653133408AEF0599 /* EcgWidget.appex in Embed App Extensions */ = {isa = PBXBuildFile; fileRef = 84C329212365078CD2A56059 /* EcgWidget.appex */; };
		55C30CB4F00ECF9F9FE172BF /* MarkEventIntent.swift in Sources */ = {isa = PBXBuildFile; fileRef = 9CCA2D4C6BBC1FFD400512A7 /* MarkEventIntent.swift */; };
		B63AD4C0DC10DC3C0AE3749F /* EcgWidgetBundle.swift in Sources */ = {isa = PBXBuildFile; fileRef = 3CF0CCB1F725B966D5D9C386 /* EcgWidgetBundle.swift */; };
		C61225D327E6F95DE43EDE82 /* EcgWidgetLiveActivity.swift in Sources */ = {isa = PBXBuildFile; fileRef = 00F6A292B97E86738324A346 /* EcgWidgetLiveActivity.swift */; };
		E2C55C12F13D2423BF4022DD /* Foundation.framework in Frameworks */ = {isa = PBXBuildFile; fileRef = A7E2EAEEA7911FC75A0D1E4F /* Foundation.framework */; };
		FBD8EB2A59BE2524EEC711E3 /* EcgActivityAttributes.swift in Sources */ = {isa = PBXBuildFile; fileRef = 4E08388E406AA9F1E14C4D40 /* EcgActivityAttributes.swift */; };
/* End PBXBuildFile section */

/* Begin PBXContainerItemProxy section */
		04DF0A662FEFB01B005104BD /* PBXContainerItemProxy */ = {
			isa = PBXContainerItemProxy;
			containerPortal = 04DF0A4E2FEFB01A005104BD /* Project object */;
			proxyType = 1;
			remoteGlobalIDString = 04DF0A552FEFB01A005104BD;
			remoteInfo = PolarEcgRecorder;
		};
		04DF0A702FEFB01B005104BD /* PBXContainerItemProxy */ = {
			isa = PBXContainerItemProxy;
			containerPortal = 04DF0A4E2FEFB01A005104BD /* Project object */;
			proxyType = 1;
			remoteGlobalIDString = 04DF0A552FEFB01A005104BD;
			remoteInfo = PolarEcgRecorder;
		};
		89BF002DC1C55DD5B25AD77F /* PBXContainerItemProxy */ = {
			isa = PBXContainerItemProxy;
			containerPortal = 04DF0A4E2FEFB01A005104BD /* Project object */;
			proxyType = 1;
			remoteGlobalIDString = 8EF325C803477983CF68652A;
			remoteInfo = EcgWidget;
		};
/* End PBXContainerItemProxy section */

/* Begin PBXCopyFilesBuildPhase section */
		BB91F276F6BCBDDB5F4D690C /* Embed App Extensions */ = {
			isa = PBXCopyFilesBuildPhase;
			buildActionMask = 2147483647;
			dstPath = "";
			dstSubfolderSpec = 13;
			files = (
				41BB5AA8653133408AEF0599 /* EcgWidget.appex in Embed App Extensions */,
			);
			name = "Embed App Extensions";
			runOnlyForDeploymentPostprocessing = 0;
		};
/* End PBXCopyFilesBuildPhase section */

/* Begin PBXFileReference section */
		00F6A292B97E86738324A346 /* EcgWidgetLiveActivity.swift */ = {isa = PBXFileReference; includeInIndex = 1; lastKnownFileType = sourcecode.swift; path = EcgWidgetLiveActivity.swift; sourceTree = "<group>"; };
		04DF0A562FEFB01A005104BD /* PolarEcgRecorder.app */ = {isa = PBXFileReference; explicitFileType = wrapper.application; includeInIndex = 0; path = PolarEcgRecorder.app; sourceTree = BUILT_PRODUCTS_DIR; };
		04DF0A652FEFB01B005104BD /* PolarEcgRecorderTests.xctest */ = {isa = PBXFileReference; explicitFileType = wrapper.cfbundle; includeInIndex = 0; path = PolarEcgRecorderTests.xctest; sourceTree = BUILT_PRODUCTS_DIR; };
		04DF0A6F2FEFB01B005104BD /* PolarEcgRecorderUITests.xctest */ = {isa = PBXFileReference; explicitFileType = wrapper.cfbundle; includeInIndex = 0; path = PolarEcgRecorderUITests.xctest; sourceTree = BUILT_PRODUCTS_DIR; };
		3CF0CCB1F725B966D5D9C386 /* EcgWidgetBundle.swift */ = {isa = PBXFileReference; includeInIndex = 1; lastKnownFileType = sourcecode.swift; path = EcgWidgetBundle.swift; sourceTree = "<group>"; };
		4E08388E406AA9F1E14C4D40 /* EcgActivityAttributes.swift */ = {isa = PBXFileReference; includeInIndex = 1; lastKnownFileType = sourcecode.swift; path = EcgActivityAttributes.swift; sourceTree = "<group>"; };
		84C329212365078CD2A56059 /* EcgWidget.appex */ = {isa = PBXFileReference; explicitFileType = "wrapper.app-extension"; includeInIndex = 0; path = EcgWidget.appex; sourceTree = BUILT_PRODUCTS_DIR; };
		9CCA2D4C6BBC1FFD400512A7 /* MarkEventIntent.swift */ = {isa = PBXFileReference; includeInIndex = 1; lastKnownFileType = sourcecode.swift; path = MarkEventIntent.swift; sourceTree = "<group>"; };
		A7E2EAEEA7911FC75A0D1E4F /* Foundation.framework */ = {isa = PBXFileReference; lastKnownFileType = wrapper.framework; name = Foundation.framework; path = Platforms/iPhoneOS.platform/Developer/SDKs/iPhoneOS18.0.sdk/System/Library/Frameworks/Foundation.framework; sourceTree = DEVELOPER_DIR; };
/* End PBXFileReference section */

/* Begin PBXFileSystemSynchronizedRootGroup section */
		04DF0A582FEFB01A005104BD /* PolarEcgRecorder */ = {
			isa = PBXFileSystemSynchronizedRootGroup;
			path = PolarEcgRecorder;
			sourceTree = "<group>";
		};
		04DF0A682FEFB01B005104BD /* PolarEcgRecorderTests */ = {
			isa = PBXFileSystemSynchronizedRootGroup;
			path = PolarEcgRecorderTests;
			sourceTree = "<group>";
		};
		04DF0A722FEFB01B005104BD /* PolarEcgRecorderUITests */ = {
			isa = PBXFileSystemSynchronizedRootGroup;
			path = PolarEcgRecorderUITests;
			sourceTree = "<group>";
		};
/* End PBXFileSystemSynchronizedRootGroup section */

/* Begin PBXFrameworksBuildPhase section */
		04DF0A532FEFB01A005104BD /* Frameworks */ = {
			isa = PBXFrameworksBuildPhase;
			buildActionMask = 2147483647;
			files = (
				04DF0A9D2FEFC051005104BD /* RxSwift in Frameworks */,
				04DF0A9A2FEFBDEA005104BD /* PolarBleSdk in Frameworks */,
			);
			runOnlyForDeploymentPostprocessing = 0;
		};
		04DF0A622FEFB01B005104BD /* Frameworks */ = {
			isa = PBXFrameworksBuildPhase;
			buildActionMask = 2147483647;
			files = (
			);
			runOnlyForDeploymentPostprocessing = 0;
		};
		04DF0A6C2FEFB01B005104BD /* Frameworks */ = {
			isa = PBXFrameworksBuildPhase;
			buildActionMask = 2147483647;
			files = (
			);
			runOnlyForDeploymentPostprocessing = 0;
		};
		2967EC186B19A7E0BB71D60B /* Frameworks */ = {
			isa = PBXFrameworksBuildPhase;
			buildActionMask = 2147483647;
			files = (
				E2C55C12F13D2423BF4022DD /* Foundation.framework in Frameworks */,
			);
			runOnlyForDeploymentPostprocessing = 0;
		};
/* End PBXFrameworksBuildPhase section */

/* Begin PBXGroup section */
		04DF0A4D2FEFB01A005104BD = {
			isa = PBXGroup;
			children = (
				04DF0A582FEFB01A005104BD /* PolarEcgRecorder */,
				04DF0A682FEFB01B005104BD /* PolarEcgRecorderTests */,
				04DF0A722FEFB01B005104BD /* PolarEcgRecorderUITests */,
				04DF0A572FEFB01A005104BD /* Products */,
				4D74CA4834F22FCAA27AF1E6 /* Frameworks */,
				A561F7532E495C946F39DFFE /* EcgWidget */,
			);
			sourceTree = "<group>";
		};
		04DF0A572FEFB01A005104BD /* Products */ = {
			isa = PBXGroup;
			children = (
				04DF0A562FEFB01A005104BD /* PolarEcgRecorder.app */,
				04DF0A652FEFB01B005104BD /* PolarEcgRecorderTests.xctest */,
				04DF0A6F2FEFB01B005104BD /* PolarEcgRecorderUITests.xctest */,
				84C329212365078CD2A56059 /* EcgWidget.appex */,
			);
			name = Products;
			sourceTree = "<group>";
		};
		4D74CA4834F22FCAA27AF1E6 /* Frameworks */ = {
			isa = PBXGroup;
			children = (
				96313B66A5438F2ADB8AB476 /* iOS */,
			);
			name = Frameworks;
			sourceTree = "<group>";
		};
		96313B66A5438F2ADB8AB476 /* iOS */ = {
			isa = PBXGroup;
			children = (
				A7E2EAEEA7911FC75A0D1E4F /* Foundation.framework */,
			);
			name = iOS;
			sourceTree = "<group>";
		};
		A561F7532E495C946F39DFFE /* EcgWidget */ = {
			isa = PBXGroup;
			children = (
				3CF0CCB1F725B966D5D9C386 /* EcgWidgetBundle.swift */,
				00F6A292B97E86738324A346 /* EcgWidgetLiveActivity.swift */,
				9CCA2D4C6BBC1FFD400512A7 /* MarkEventIntent.swift */,
				4E08388E406AA9F1E14C4D40 /* EcgActivityAttributes.swift */,
			);
			path = EcgWidget;
			sourceTree = "<group>";
		};
/* End PBXGroup section */

/* Begin PBXNativeTarget section */
		04DF0A552FEFB01A005104BD /* PolarEcgRecorder */ = {
			isa = PBXNativeTarget;
			buildConfigurationList = 04DF0A792FEFB01B005104BD /* Build configuration list for PBXNativeTarget "PolarEcgRecorder" */;
			buildPhases = (
				04DF0A522FEFB01A005104BD /* Sources */,
				04DF0A532FEFB01A005104BD /* Frameworks */,
				04DF0A542FEFB01A005104BD /* Resources */,
				BB91F276F6BCBDDB5F4D690C /* Embed App Extensions */,
			);
			buildRules = (
			);
			dependencies = (
				507E35D5864ADDF8C93A1B57 /* PBXTargetDependency */,
			);
			fileSystemSynchronizedGroups = (
				04DF0A582FEFB01A005104BD /* PolarEcgRecorder */,
			);
			name = PolarEcgRecorder;
			packageProductDependencies = (
				04DF0A992FEFBDEA005104BD /* PolarBleSdk */,
				04DF0A9C2FEFC051005104BD /* RxSwift */,
			);
			productName = PolarEcgRecorder;
			productReference = 04DF0A562FEFB01A005104BD /* PolarEcgRecorder.app */;
			productType = "com.apple.product-type.application";
		};
		04DF0A642FEFB01B005104BD /* PolarEcgRecorderTests */ = {
			isa = PBXNativeTarget;
			buildConfigurationList = 04DF0A7C2FEFB01B005104BD /* Build configuration list for PBXNativeTarget "PolarEcgRecorderTests" */;
			buildPhases = (
				04DF0A612FEFB01B005104BD /* Sources */,
				04DF0A622FEFB01B005104BD /* Frameworks */,
				04DF0A632FEFB01B005104BD /* Resources */,
			);
			buildRules = (
			);
			dependencies = (
				04DF0A672FEFB01B005104BD /* PBXTargetDependency */,
			);
			fileSystemSynchronizedGroups = (
				04DF0A682FEFB01B005104BD /* PolarEcgRecorderTests */,
			);
			name = PolarEcgRecorderTests;
			productName = PolarEcgRecorderTests;
			productReference = 04DF0A652FEFB01B005104BD /* PolarEcgRecorderTests.xctest */;
			productType = "com.apple.product-type.bundle.unit-test";
		};
		04DF0A6E2FEFB01B005104BD /* PolarEcgRecorderUITests */ = {
			isa = PBXNativeTarget;
			buildConfigurationList = 04DF0A7F2FEFB01B005104BD /* Build configuration list for PBXNativeTarget "PolarEcgRecorderUITests" */;
			buildPhases = (
				04DF0A6B2FEFB01B005104BD /* Sources */,
				04DF0A6C2FEFB01B005104BD /* Frameworks */,
				04DF0A6D2FEFB01B005104BD /* Resources */,
			);
			buildRules = (
			);
			dependencies = (
				04DF0A712FEFB01B005104BD /* PBXTargetDependency */,
			);
			fileSystemSynchronizedGroups = (
				04DF0A722FEFB01B005104BD /* PolarEcgRecorderUITests */,
			);
			name = PolarEcgRecorderUITests;
			productName = PolarEcgRecorderUITests;
			productReference = 04DF0A6F2FEFB01B005104BD /* PolarEcgRecorderUITests.xctest */;
			productType = "com.apple.product-type.bundle.ui-testing";
		};
		8EF325C803477983CF68652A /* EcgWidget */ = {
			isa = PBXNativeTarget;
			buildConfigurationList = 043FF148C76051C57E3C5352 /* Build configuration list for PBXNativeTarget "EcgWidget" */;
			buildPhases = (
				7E4E622AC823F296F795D31D /* Sources */,
				2967EC186B19A7E0BB71D60B /* Frameworks */,
				E46309C4870C0AA71F602E3B /* Resources */,
			);
			buildRules = (
			);
			dependencies = (
			);
			name = EcgWidget;
			productName = EcgWidget;
			productReference = 84C329212365078CD2A56059 /* EcgWidget.appex */;
			productType = "com.apple.product-type.app-extension";
		};
/* End PBXNativeTarget section */

/* Begin PBXProject section */
		04DF0A4E2FEFB01A005104BD /* Project object */ = {
			isa = PBXProject;
			attributes = {
				BuildIndependentTargetsInParallel = 1;
				LastSwiftUpdateCheck = 2660;
				LastUpgradeCheck = 2660;
				TargetAttributes = {
					04DF0A552FEFB01A005104BD = {
						CreatedOnToolsVersion = 26.6;
					};
					04DF0A642FEFB01B005104BD = {
						CreatedOnToolsVersion = 26.6;
						TestTargetID = 04DF0A552FEFB01A005104BD;
					};
					04DF0A6E2FEFB01B005104BD = {
						CreatedOnToolsVersion = 26.6;
						TestTargetID = 04DF0A552FEFB01A005104BD;
					};
				};
			};
			buildConfigurationList = 04DF0A512FEFB01A005104BD /* Build configuration list for PBXProject "PolarEcgRecorder" */;
			developmentRegion = en;
			hasScannedForEncodings = 0;
			knownRegions = (
				en,
				Base,
			);
			mainGroup = 04DF0A4D2FEFB01A005104BD;
			minimizedProjectReferenceProxies = 1;
			packageReferences = (
				04DF0A982FEFBDEA005104BD /* XCRemoteSwiftPackageReference "polar-ble-sdk" */,
				04DF0A9B2FEFC051005104BD /* XCRemoteSwiftPackageReference "RxSwift" */,
			);
			preferredProjectObjectVersion = 77;
			productRefGroup = 04DF0A572FEFB01A005104BD /* Products */;
			projectDirPath = "";
			projectRoot = "";
			targets = (
				04DF0A552FEFB01A005104BD /* PolarEcgRecorder */,
				04DF0A642FEFB01B005104BD /* PolarEcgRecorderTests */,
				04DF0A6E2FEFB01B005104BD /* PolarEcgRecorderUITests */,
				8EF325C803477983CF68652A /* EcgWidget */,
			);
		};
/* End PBXProject section */

/* Begin PBXResourcesBuildPhase section */
		04DF0A542FEFB01A005104BD /* Resources */ = {
			isa = PBXResourcesBuildPhase;
			buildActionMask = 2147483647;
			files = (
			);
			runOnlyForDeploymentPostprocessing = 0;
		};
		04DF0A632FEFB01B005104BD /* Resources */ = {
			isa = PBXResourcesBuildPhase;
			buildActionMask = 2147483647;
			files = (
			);
			runOnlyForDeploymentPostprocessing = 0;
		};
		04DF0A6D2FEFB01B005104BD /* Resources */ = {
			isa = PBXResourcesBuildPhase;
			buildActionMask = 2147483647;
			files = (
			);
			runOnlyForDeploymentPostprocessing = 0;
		};
		E46309C4870C0AA71F602E3B /* Resources */ = {
			isa = PBXResourcesBuildPhase;
			buildActionMask = 2147483647;
			files = (
			);
			runOnlyForDeploymentPostprocessing = 0;
		};
/* End PBXResourcesBuildPhase section */

/* Begin PBXSourcesBuildPhase section */
		04DF0A522FEFB01A005104BD /* Sources */ = {
			isa = PBXSourcesBuildPhase;
			buildActionMask = 2147483647;
			files = (
				FBD8EB2A59BE2524EEC711E3 /* EcgActivityAttributes.swift in Sources */,
			);
			runOnlyForDeploymentPostprocessing = 0;
		};
		04DF0A612FEFB01B005104BD /* Sources */ = {
			isa = PBXSourcesBuildPhase;
			buildActionMask = 2147483647;
			files = (
			);
			runOnlyForDeploymentPostprocessing = 0;
		};
		04DF0A6B2FEFB01B005104BD /* Sources */ = {
			isa = PBXSourcesBuildPhase;
			buildActionMask = 2147483647;
			files = (
			);
			runOnlyForDeploymentPostprocessing = 0;
		};
		7E4E622AC823F296F795D31D /* Sources */ = {
			isa = PBXSourcesBuildPhase;
			buildActionMask = 2147483647;
			files = (
				B63AD4C0DC10DC3C0AE3749F /* EcgWidgetBundle.swift in Sources */,
				C61225D327E6F95DE43EDE82 /* EcgWidgetLiveActivity.swift in Sources */,
				55C30CB4F00ECF9F9FE172BF /* MarkEventIntent.swift in Sources */,
				18038BC8267862AD6B897483 /* EcgActivityAttributes.swift in Sources */,
			);
			runOnlyForDeploymentPostprocessing = 0;
		};
/* End PBXSourcesBuildPhase section */

/* Begin PBXTargetDependency section */
		04DF0A672FEFB01B005104BD /* PBXTargetDependency */ = {
			isa = PBXTargetDependency;
			target = 04DF0A552FEFB01A005104BD /* PolarEcgRecorder */;
			targetProxy = 04DF0A662FEFB01B005104BD /* PBXContainerItemProxy */;
		};
		04DF0A712FEFB01B005104BD /* PBXTargetDependency */ = {
			isa = PBXTargetDependency;
			target = 04DF0A552FEFB01A005104BD /* PolarEcgRecorder */;
			targetProxy = 04DF0A702FEFB01B005104BD /* PBXContainerItemProxy */;
		};
		507E35D5864ADDF8C93A1B57 /* PBXTargetDependency */ = {
			isa = PBXTargetDependency;
			name = EcgWidget;
			target = 8EF325C803477983CF68652A /* EcgWidget */;
			targetProxy = 89BF002DC1C55DD5B25AD77F /* PBXContainerItemProxy */;
		};
/* End PBXTargetDependency section */

/* Begin XCBuildConfiguration section */
		04DF0A772FEFB01B005104BD /* Debug */ = {
			isa = XCBuildConfiguration;
			buildSettings = {
				ALWAYS_SEARCH_USER_PATHS = NO;
				ASSETCATALOG_COMPILER_GENERATE_SWIFT_ASSET_SYMBOL_EXTENSIONS = YES;
				CLANG_ANALYZER_NONNULL = YES;
				CLANG_ANALYZER_NUMBER_OBJECT_CONVERSION = YES_AGGRESSIVE;
				CLANG_CXX_LANGUAGE_STANDARD = "gnu++20";
				CLANG_ENABLE_MODULES = YES;
				CLANG_ENABLE_OBJC_ARC = YES;
				CLANG_ENABLE_OBJC_WEAK = YES;
				CLANG_WARN_BLOCK_CAPTURE_AUTORELEASING = YES;
				CLANG_WARN_BOOL_CONVERSION = YES;
				CLANG_WARN_COMMA = YES;
				CLANG_WARN_CONSTANT_CONVERSION = YES;
				CLANG_WARN_DEPRECATED_OBJC_IMPLEMENTATIONS = YES;
				CLANG_WARN_DIRECT_OBJC_ISA_USAGE = YES_ERROR;
				CLANG_WARN_DOCUMENTATION_COMMENTS = YES;
				CLANG_WARN_EMPTY_BODY = YES;
				CLANG_WARN_ENUM_CONVERSION = YES;
				CLANG_WARN_INFINITE_RECURSION = YES;
				CLANG_WARN_INT_CONVERSION = YES;
				CLANG_WARN_NON_LITERAL_NULL_CONVERSION = YES;
				CLANG_WARN_OBJC_IMPLICIT_RETAIN_SELF = YES;
				CLANG_WARN_OBJC_LITERAL_CONVERSION = YES;
				CLANG_WARN_OBJC_ROOT_CLASS = YES_ERROR;
				CLANG_WARN_QUOTED_INCLUDE_IN_FRAMEWORK_HEADER = YES;
				CLANG_WARN_RANGE_LOOP_ANALYSIS = YES;
				CLANG_WARN_STRICT_PROTOTYPES = YES;
				CLANG_WARN_SUSPICIOUS_MOVE = YES;
				CLANG_WARN_UNGUARDED_AVAILABILITY = YES_AGGRESSIVE;
				CLANG_WARN_UNREACHABLE_CODE = YES;
				CLANG_WARN__DUPLICATE_METHOD_MATCH = YES;
				COPY_PHASE_STRIP = NO;
				DEBUG_INFORMATION_FORMAT = dwarf;
				ENABLE_STRICT_OBJC_MSGSEND = YES;
				ENABLE_TESTABILITY = YES;
				ENABLE_USER_SCRIPT_SANDBOXING = YES;
				GCC_C_LANGUAGE_STANDARD = gnu17;
				GCC_DYNAMIC_NO_PIC = NO;
				GCC_NO_COMMON_BLOCKS = YES;
				GCC_OPTIMIZATION_LEVEL = 0;
				GCC_PREPROCESSOR_DEFINITIONS = (
					"DEBUG=1",
					"$(inherited)",
				);
				GCC_WARN_64_TO_32_BIT_CONVERSION = YES;
				GCC_WARN_ABOUT_RETURN_TYPE = YES_ERROR;
				GCC_WARN_UNDECLARED_SELECTOR = YES;
				GCC_WARN_UNINITIALIZED_AUTOS = YES_AGGRESSIVE;
				GCC_WARN_UNUSED_FUNCTION = YES;
				GCC_WARN_UNUSED_VARIABLE = YES;
				IPHONEOS_DEPLOYMENT_TARGET = 26.5;
				LOCALIZATION_PREFERS_STRING_CATALOGS = YES;
				MTL_ENABLE_DEBUG_INFO = INCLUDE_SOURCE;
				MTL_FAST_MATH = YES;
				ONLY_ACTIVE_ARCH = YES;
				SDKROOT = iphoneos;
				SWIFT_ACTIVE_COMPILATION_CONDITIONS = "DEBUG $(inherited)";
				SWIFT_OPTIMIZATION_LEVEL = "-Onone";
			};
			name = Debug;
		};
		04DF0A782FEFB01B005104BD /* Release */ = {
			isa = XCBuildConfiguration;
			buildSettings = {
				ALWAYS_SEARCH_USER_PATHS = NO;
				ASSETCATALOG_COMPILER_GENERATE_SWIFT_ASSET_SYMBOL_EXTENSIONS = YES;
				CLANG_ANALYZER_NONNULL = YES;
				CLANG_ANALYZER_NUMBER_OBJECT_CONVERSION = YES_AGGRESSIVE;
				CLANG_CXX_LANGUAGE_STANDARD = "gnu++20";
				CLANG_ENABLE_MODULES = YES;
				CLANG_ENABLE_OBJC_ARC = YES;
				CLANG_ENABLE_OBJC_WEAK = YES;
				CLANG_WARN_BLOCK_CAPTURE_AUTORELEASING = YES;
				CLANG_WARN_BOOL_CONVERSION = YES;
				CLANG_WARN_COMMA = YES;
				CLANG_WARN_CONSTANT_CONVERSION = YES;
				CLANG_WARN_DEPRECATED_OBJC_IMPLEMENTATIONS = YES;
				CLANG_WARN_DIRECT_OBJC_ISA_USAGE = YES_ERROR;
				CLANG_WARN_DOCUMENTATION_COMMENTS = YES;
				CLANG_WARN_EMPTY_BODY = YES;
				CLANG_WARN_ENUM_CONVERSION = YES;
				CLANG_WARN_INFINITE_RECURSION = YES;
				CLANG_WARN_INT_CONVERSION = YES;
				CLANG_WARN_NON_LITERAL_NULL_CONVERSION = YES;
				CLANG_WARN_OBJC_IMPLICIT_RETAIN_SELF = YES;
				CLANG_WARN_OBJC_LITERAL_CONVERSION = YES;
				CLANG_WARN_OBJC_ROOT_CLASS = YES_ERROR;
				CLANG_WARN_QUOTED_INCLUDE_IN_FRAMEWORK_HEADER = YES;
				CLANG_WARN_RANGE_LOOP_ANALYSIS = YES;
				CLANG_WARN_STRICT_PROTOTYPES = YES;
				CLANG_WARN_SUSPICIOUS_MOVE = YES;
				CLANG_WARN_UNGUARDED_AVAILABILITY = YES_AGGRESSIVE;
				CLANG_WARN_UNREACHABLE_CODE = YES;
				CLANG_WARN__DUPLICATE_METHOD_MATCH = YES;
				COPY_PHASE_STRIP = NO;
				DEBUG_INFORMATION_FORMAT = "dwarf-with-dsym";
				ENABLE_NS_ASSERTIONS = NO;
				ENABLE_STRICT_OBJC_MSGSEND = YES;
				ENABLE_USER_SCRIPT_SANDBOXING = YES;
				GCC_C_LANGUAGE_STANDARD = gnu17;
				GCC_NO_COMMON_BLOCKS = YES;
				GCC_WARN_64_TO_32_BIT_CONVERSION = YES;
				GCC_WARN_ABOUT_RETURN_TYPE = YES_ERROR;
				GCC_WARN_UNDECLARED_SELECTOR = YES;
				GCC_WARN_UNINITIALIZED_AUTOS = YES_AGGRESSIVE;
				GCC_WARN_UNUSED_FUNCTION = YES;
				GCC_WARN_UNUSED_VARIABLE = YES;
				IPHONEOS_DEPLOYMENT_TARGET = 26.5;
				LOCALIZATION_PREFERS_STRING_CATALOGS = YES;
				MTL_ENABLE_DEBUG_INFO = NO;
				MTL_FAST_MATH = YES;
				SDKROOT = iphoneos;
				SWIFT_COMPILATION_MODE = wholemodule;
				VALIDATE_PRODUCT = YES;
			};
			name = Release;
		};
		04DF0A7A2FEFB01B005104BD /* Debug */ = {
			isa = XCBuildConfiguration;
			buildSettings = {
				ASSETCATALOG_COMPILER_APPICON_NAME = AppIcon;
				ASSETCATALOG_COMPILER_GLOBAL_ACCENT_COLOR_NAME = AccentColor;
				CODE_SIGN_STYLE = Automatic;
				CURRENT_PROJECT_VERSION = 1;
				DEVELOPMENT_TEAM = 3RA6WSYD2R;
				ENABLE_PREVIEWS = YES;
				GENERATE_INFOPLIST_FILE = YES;
				INFOPLIST_KEY_NSBluetoothAlwaysUsageDescription = "App needs Bluetooth to connect Polar H10";
				INFOPLIST_KEY_NSSupportsLiveActivities = YES;
				INFOPLIST_KEY_UIApplicationSceneManifest_Generation = YES;
				INFOPLIST_KEY_UIApplicationSupportsIndirectInputEvents = YES;
				INFOPLIST_KEY_UIBackgroundModes = "bluetooth-central";
				INFOPLIST_KEY_UILaunchScreen_Generation = YES;
				INFOPLIST_KEY_UISupportedInterfaceOrientations_iPad = "UIInterfaceOrientationPortrait UIInterfaceOrientationPortraitUpsideDown UIInterfaceOrientationLandscapeLeft UIInterfaceOrientationLandscapeRight";
				INFOPLIST_KEY_UISupportedInterfaceOrientations_iPhone = "UIInterfaceOrientationPortrait UIInterfaceOrientationLandscapeLeft UIInterfaceOrientationLandscapeRight";
				LD_RUNPATH_SEARCH_PATHS = (
					"$(inherited)",
					"@executable_path/Frameworks",
				);
				MARKETING_VERSION = 1.0;
				PRODUCT_BUNDLE_IDENTIFIER = mm4fStudio.PolarEcgRecorder;
				PRODUCT_NAME = "$(TARGET_NAME)";
				STRING_CATALOG_GENERATE_SYMBOLS = YES;
				SWIFT_APPROACHABLE_CONCURRENCY = YES;
				SWIFT_DEFAULT_ACTOR_ISOLATION = MainActor;
				SWIFT_EMIT_LOC_STRINGS = YES;
				SWIFT_UPCOMING_FEATURE_MEMBER_IMPORT_VISIBILITY = YES;
				SWIFT_VERSION = 5.0;
				TARGETED_DEVICE_FAMILY = "1,2";
			};
			name = Debug;
		};
		04DF0A7B2FEFB01B005104BD /* Release */ = {
			isa = XCBuildConfiguration;
			buildSettings = {
				ASSETCATALOG_COMPILER_APPICON_NAME = AppIcon;
				ASSETCATALOG_COMPILER_GLOBAL_ACCENT_COLOR_NAME = AccentColor;
				CODE_SIGN_STYLE = Automatic;
				CURRENT_PROJECT_VERSION = 1;
				DEVELOPMENT_TEAM = 3RA6WSYD2R;
				ENABLE_PREVIEWS = YES;
				GENERATE_INFOPLIST_FILE = YES;
				INFOPLIST_KEY_NSBluetoothAlwaysUsageDescription = "App needs Bluetooth to connect Polar H10";
				INFOPLIST_KEY_NSSupportsLiveActivities = YES;
				INFOPLIST_KEY_UIApplicationSceneManifest_Generation = YES;
				INFOPLIST_KEY_UIApplicationSupportsIndirectInputEvents = YES;
				INFOPLIST_KEY_UIBackgroundModes = "bluetooth-central";
				INFOPLIST_KEY_UILaunchScreen_Generation = YES;
				INFOPLIST_KEY_UISupportedInterfaceOrientations_iPad = "UIInterfaceOrientationPortrait UIInterfaceOrientationPortraitUpsideDown UIInterfaceOrientationLandscapeLeft UIInterfaceOrientationLandscapeRight";
				INFOPLIST_KEY_UISupportedInterfaceOrientations_iPhone = "UIInterfaceOrientationPortrait UIInterfaceOrientationLandscapeLeft UIInterfaceOrientationLandscapeRight";
				LD_RUNPATH_SEARCH_PATHS = (
					"$(inherited)",
					"@executable_path/Frameworks",
				);
				MARKETING_VERSION = 1.0;
				PRODUCT_BUNDLE_IDENTIFIER = mm4fStudio.PolarEcgRecorder;
				PRODUCT_NAME = "$(TARGET_NAME)";
				STRING_CATALOG_GENERATE_SYMBOLS = YES;
				SWIFT_APPROACHABLE_CONCURRENCY = YES;
				SWIFT_DEFAULT_ACTOR_ISOLATION = MainActor;
				SWIFT_EMIT_LOC_STRINGS = YES;
				SWIFT_UPCOMING_FEATURE_MEMBER_IMPORT_VISIBILITY = YES;
				SWIFT_VERSION = 5.0;
				TARGETED_DEVICE_FAMILY = "1,2";
			};
			name = Release;
		};
		04DF0A7D2FEFB01B005104BD /* Debug */ = {
			isa = XCBuildConfiguration;
			buildSettings = {
				BUNDLE_LOADER = "$(TEST_HOST)";
				CODE_SIGN_STYLE = Automatic;
				CURRENT_PROJECT_VERSION = 1;
				GENERATE_INFOPLIST_FILE = YES;
				IPHONEOS_DEPLOYMENT_TARGET = 26.5;
				MARKETING_VERSION = 1.0;
				PRODUCT_BUNDLE_IDENTIFIER = mm4fStudio.PolarEcgRecorderTests;
				PRODUCT_NAME = "$(TARGET_NAME)";
				STRING_CATALOG_GENERATE_SYMBOLS = NO;
				SWIFT_APPROACHABLE_CONCURRENCY = YES;
				SWIFT_EMIT_LOC_STRINGS = NO;
				SWIFT_UPCOMING_FEATURE_MEMBER_IMPORT_VISIBILITY = YES;
				SWIFT_VERSION = 5.0;
				TARGETED_DEVICE_FAMILY = "1,2";
				TEST_HOST = "$(BUILT_PRODUCTS_DIR)/PolarEcgRecorder.app/$(BUNDLE_EXECUTABLE_FOLDER_PATH)/PolarEcgRecorder";
			};
			name = Debug;
		};
		04DF0A7E2FEFB01B005104BD /* Release */ = {
			isa = XCBuildConfiguration;
			buildSettings = {
				BUNDLE_LOADER = "$(TEST_HOST)";
				CODE_SIGN_STYLE = Automatic;
				CURRENT_PROJECT_VERSION = 1;
				GENERATE_INFOPLIST_FILE = YES;
				IPHONEOS_DEPLOYMENT_TARGET = 26.5;
				MARKETING_VERSION = 1.0;
				PRODUCT_BUNDLE_IDENTIFIER = mm4fStudio.PolarEcgRecorderTests;
				PRODUCT_NAME = "$(TARGET_NAME)";
				STRING_CATALOG_GENERATE_SYMBOLS = NO;
				SWIFT_APPROACHABLE_CONCURRENCY = YES;
				SWIFT_EMIT_LOC_STRINGS = NO;
				SWIFT_UPCOMING_FEATURE_MEMBER_IMPORT_VISIBILITY = YES;
				SWIFT_VERSION = 5.0;
				TARGETED_DEVICE_FAMILY = "1,2";
				TEST_HOST = "$(BUILT_PRODUCTS_DIR)/PolarEcgRecorder.app/$(BUNDLE_EXECUTABLE_FOLDER_PATH)/PolarEcgRecorder";
			};
			name = Release;
		};
		04DF0A802FEFB01B005104BD /* Debug */ = {
			isa = XCBuildConfiguration;
			buildSettings = {
				CODE_SIGN_STYLE = Automatic;
				CURRENT_PROJECT_VERSION = 1;
				GENERATE_INFOPLIST_FILE = YES;
				MARKETING_VERSION = 1.0;
				PRODUCT_BUNDLE_IDENTIFIER = mm4fStudio.PolarEcgRecorderUITests;
				PRODUCT_NAME = "$(TARGET_NAME)";
				STRING_CATALOG_GENERATE_SYMBOLS = NO;
				SWIFT_APPROACHABLE_CONCURRENCY = YES;
				SWIFT_EMIT_LOC_STRINGS = NO;
				SWIFT_UPCOMING_FEATURE_MEMBER_IMPORT_VISIBILITY = YES;
				SWIFT_VERSION = 5.0;
				TARGETED_DEVICE_FAMILY = "1,2";
				TEST_TARGET_NAME = PolarEcgRecorder;
			};
			name = Debug;
		};
		04DF0A812FEFB01B005104BD /* Release */ = {
			isa = XCBuildConfiguration;
			buildSettings = {
				CODE_SIGN_STYLE = Automatic;
				CURRENT_PROJECT_VERSION = 1;
				GENERATE_INFOPLIST_FILE = YES;
				MARKETING_VERSION = 1.0;
				PRODUCT_BUNDLE_IDENTIFIER = mm4fStudio.PolarEcgRecorderUITests;
				PRODUCT_NAME = "$(TARGET_NAME)";
				STRING_CATALOG_GENERATE_SYMBOLS = NO;
				SWIFT_APPROACHABLE_CONCURRENCY = YES;
				SWIFT_EMIT_LOC_STRINGS = NO;
				SWIFT_UPCOMING_FEATURE_MEMBER_IMPORT_VISIBILITY = YES;
				SWIFT_VERSION = 5.0;
				TARGETED_DEVICE_FAMILY = "1,2";
				TEST_TARGET_NAME = PolarEcgRecorder;
			};
			name = Release;
		};
		962202606CF8E7CFD2730EAC /* Release */ = {
			isa = XCBuildConfiguration;
			buildSettings = {
				CLANG_ENABLE_OBJC_WEAK = NO;
				DEVELOPMENT_TEAM = 3RA6WSYD2R;
				GENERATE_INFOPLIST_FILE = NO;
				INFOPLIST_FILE = EcgWidget/Info.plist;
				IPHONEOS_DEPLOYMENT_TARGET = 17.0;
				LD_RUNPATH_SEARCH_PATHS = (
					"$(inherited)",
					"@executable_path/Frameworks",
					"@executable_path/../../Frameworks",
				);
				PRODUCT_BUNDLE_IDENTIFIER = mm4fStudio.PolarEcgRecorder.EcgWidget;
				PRODUCT_NAME = EcgWidget;
				SDKROOT = iphoneos;
				SWIFT_VERSION = 5.0;
				VALIDATE_PRODUCT = YES;
			};
			name = Release;
		};
		F91CC1503C4BEFC4D8A560DC /* Debug */ = {
			isa = XCBuildConfiguration;
			buildSettings = {
				CLANG_ENABLE_OBJC_WEAK = NO;
				DEVELOPMENT_TEAM = 3RA6WSYD2R;
				GENERATE_INFOPLIST_FILE = NO;
				INFOPLIST_FILE = EcgWidget/Info.plist;
				IPHONEOS_DEPLOYMENT_TARGET = 17.0;
				LD_RUNPATH_SEARCH_PATHS = (
					"$(inherited)",
					"@executable_path/Frameworks",
					"@executable_path/../../Frameworks",
				);
				PRODUCT_BUNDLE_IDENTIFIER = mm4fStudio.PolarEcgRecorder.EcgWidget;
				PRODUCT_NAME = EcgWidget;
				SDKROOT = iphoneos;
				SWIFT_VERSION = 5.0;
			};
			name = Debug;
		};
/* End XCBuildConfiguration section */

/* Begin XCConfigurationList section */
		043FF148C76051C57E3C5352 /* Build configuration list for PBXNativeTarget "EcgWidget" */ = {
			isa = XCConfigurationList;
			buildConfigurations = (
				962202606CF8E7CFD2730EAC /* Release */,
				F91CC1503C4BEFC4D8A560DC /* Debug */,
			);
			defaultConfigurationIsVisible = 0;
			defaultConfigurationName = Release;
		};
		04DF0A512FEFB01A005104BD /* Build configuration list for PBXProject "PolarEcgRecorder" */ = {
			isa = XCConfigurationList;
			buildConfigurations = (
				04DF0A772FEFB01B005104BD /* Debug */,
				04DF0A782FEFB01B005104BD /* Release */,
			);
			defaultConfigurationIsVisible = 0;
			defaultConfigurationName = Release;
		};
		04DF0A792FEFB01B005104BD /* Build configuration list for PBXNativeTarget "PolarEcgRecorder" */ = {
			isa = XCConfigurationList;
			buildConfigurations = (
				04DF0A7A2FEFB01B005104BD /* Debug */,
				04DF0A7B2FEFB01B005104BD /* Release */,
			);
			defaultConfigurationIsVisible = 0;
			defaultConfigurationName = Release;
		};
		04DF0A7C2FEFB01B005104BD /* Build configuration list for PBXNativeTarget "PolarEcgRecorderTests" */ = {
			isa = XCConfigurationList;
			buildConfigurations = (
				04DF0A7D2FEFB01B005104BD /* Debug */,
				04DF0A7E2FEFB01B005104BD /* Release */,
			);
			defaultConfigurationIsVisible = 0;
			defaultConfigurationName = Release;
		};
		04DF0A7F2FEFB01B005104BD /* Build configuration list for PBXNativeTarget "PolarEcgRecorderUITests" */ = {
			isa = XCConfigurationList;
			buildConfigurations = (
				04DF0A802FEFB01B005104BD /* Debug */,
				04DF0A812FEFB01B005104BD /* Release */,
			);
			defaultConfigurationIsVisible = 0;
			defaultConfigurationName = Release;
		};
/* End XCConfigurationList section */

/* Begin XCRemoteSwiftPackageReference section */
		04DF0A982FEFBDEA005104BD /* XCRemoteSwiftPackageReference "polar-ble-sdk" */ = {
			isa = XCRemoteSwiftPackageReference;
			repositoryURL = "https://github.com/polarofficial/polar-ble-sdk";
			requirement = {
				kind = upToNextMajorVersion;
				minimumVersion = 8.1.0;
			};
		};
		04DF0A9B2FEFC051005104BD /* XCRemoteSwiftPackageReference "RxSwift" */ = {
			isa = XCRemoteSwiftPackageReference;
			repositoryURL = "https://github.com/ReactiveX/RxSwift.git";
			requirement = {
				kind = upToNextMajorVersion;
				minimumVersion = 6.10.2;
			};
		};
/* End XCRemoteSwiftPackageReference section */

/* Begin XCSwiftPackageProductDependency section */
		04DF0A992FEFBDEA005104BD /* PolarBleSdk */ = {
			isa = XCSwiftPackageProductDependency;
			package = 04DF0A982FEFBDEA005104BD /* XCRemoteSwiftPackageReference "polar-ble-sdk" */;
			productName = PolarBleSdk;
		};
		04DF0A9C2FEFC051005104BD /* RxSwift */ = {
			isa = XCSwiftPackageProductDependency;
			package = 04DF0A9B2FEFC051005104BD /* XCRemoteSwiftPackageReference "RxSwift" */;
			productName = RxSwift;
		};
/* End XCSwiftPackageProductDependency section */
	};
	rootObject = 04DF0A4E2FEFB01A005104BD /* Project object */;
}
